
Microsoft Visual Studio Solution File, Format Version 12.00
# Visual Studio 15
VisualStudioVersion = 15.0.26730.15
MinimumVisualStudioVersion = 10.0.40219.1
Project("{FAE04EC0-301F-11D3-BF4B-00C04F79EFBC}") = "ConsoleApp1", "ConsoleApp1\ConsoleApp1.csproj", "{ECB8E5B1-2174-4325-AD95-5AF5E877B4AE}"
EndProject
Global
	GlobalSection(SolutionConfigurationPlatforms) = preSolution
		Debug|Any CPU = Debug|Any CPU
		Release|Any CPU = Release|Any CPU
	EndGlobalSection
	GlobalSection(ProjectConfigurationPlatforms) = postSolution
		{ECB8E5B1-2174-4325-AD95-5AF5E877B4AE}.Debug|Any CPU.ActiveCfg = Debug|Any CPU
		{ECB8E5B1-2174-4325-AD95-5AF5E877B4AE}.Debug|Any CPU.Build.0 = Debug|Any CPU
		{ECB8E5B1-2174-4325-AD95-5AF5E877B4AE}.Release|Any CPU.ActiveCfg = Release|Any CPU
		{ECB8E5B1-2174-4325-AD95-5AF5E877B4AE}.Release|Any CPU.Build.0 = Release|Any CPU
	EndGlobalSection
	GlobalSection(SolutionProperties) = preSolution
		HideSolutionNode = FALSE
	EndGlobalSection
	GlobalSection(ExtensibilityGlobals) = postSolution
		SolutionGuid = {57FD5C88-A7B7-4A75-942D-8E5048635BB7}
	EndGlobalSection
EndGlobal
